
Microsoft Visual Studio Solution File, Format Version 12.00
# Visual Studio Version 17
VisualStudioVersion = 17.3.32929.385
MinimumVisualStudioVersion = 10.0.40219.1
Project("{9A19103F-16F7-4668-BE54-9A1E7A4F7556}") = "TestMillionAndUp", "TestMillionAndUp\TestMillionAndUp.csproj", "{B1978324-482C-41BF-8AB6-2DA6558B3FF0}"
EndProject
Project("{FAE04EC0-301F-11D3-BF4B-00C04F79EFBC}") = "UnitTest", "UnitTest\UnitTest.csproj", "{F1DF58B2-E5BF-4B5A-83F6-40B356C01E16}"
EndProject
Project("{FAE04EC0-301F-11D3-BF4B-00C04F79EFBC}") = "Infrastructure", "Infrastructure\Infrastructure.csproj", "{C465459A-50F4-45D8-AA8F-8096788CD5F4}"
EndProject
Project("{FAE04EC0-301F-11D3-BF4B-00C04F79EFBC}") = "Service", "Service\Service.csproj", "{C665E00C-33C0-4D1B-A159-ED42589DA427}"
EndProject
Project("{FAE04EC0-301F-11D3-BF4B-00C04F79EFBC}") = "Domain", "Domain\Domain.csproj", "{50792FBB-F520-4331-868D-FE2684C72C9D}"
EndProject
Global
	GlobalSection(SolutionConfigurationPlatforms) = preSolution
		Debug|Any CPU = Debug|Any CPU
		Release|Any CPU = Release|Any CPU
	EndGlobalSection
	GlobalSection(ProjectConfigurationPlatforms) = postSolution
		{B1978324-482C-41BF-8AB6-2DA6558B3FF0}.Debug|Any CPU.ActiveCfg = Debug|Any CPU
		{B1978324-482C-41BF-8AB6-2DA6558B3FF0}.Debug|Any CPU.Build.0 = Debug|Any CPU
		{B1978324-482C-41BF-8AB6-2DA6558B3FF0}.Release|Any CPU.ActiveCfg = Release|Any CPU
		{B1978324-482C-41BF-8AB6-2DA6558B3FF0}.Release|Any CPU.Build.0 = Release|Any CPU
		{F1DF58B2-E5BF-4B5A-83F6-40B356C01E16}.Debug|Any CPU.ActiveCfg = Debug|Any CPU
		{F1DF58B2-E5BF-4B5A-83F6-40B356C01E16}.Debug|Any CPU.Build.0 = Debug|Any CPU
		{F1DF58B2-E5BF-4B5A-83F6-40B356C01E16}.Release|Any CPU.ActiveCfg = Release|Any CPU
		{F1DF58B2-E5BF-4B5A-83F6-40B356C01E16}.Release|Any CPU.Build.0 = Release|Any CPU
		{C465459A-50F4-45D8-AA8F-8096788CD5F4}.Debug|Any CPU.ActiveCfg = Debug|Any CPU
		{C465459A-50F4-45D8-AA8F-8096788CD5F4}.Debug|Any CPU.Build.0 = Debug|Any CPU
		{C465459A-50F4-45D8-AA8F-8096788CD5F4}.Release|Any CPU.ActiveCfg = Release|Any CPU
		{C465459A-50F4-45D8-AA8F-8096788CD5F4}.Release|Any CPU.Build.0 = Release|Any CPU
		{C665E00C-33C0-4D1B-A159-ED42589DA427}.Debug|Any CPU.ActiveCfg = Debug|Any CPU
		{C665E00C-33C0-4D1B-A159-ED42589DA427}.Debug|Any CPU.Build.0 = Debug|Any CPU
		{C665E00C-33C0-4D1B-A159-ED42589DA427}.Release|Any CPU.ActiveCfg = Release|Any CPU
		{C665E00C-33C0-4D1B-A159-ED42589DA427}.Release|Any CPU.Build.0 = Release|Any CPU
		{50792FBB-F520-4331-868D-FE2684C72C9D}.Debug|Any CPU.ActiveCfg = Debug|Any CPU
		{50792FBB-F520-4331-868D-FE2684C72C9D}.Debug|Any CPU.Build.0 = Debug|Any CPU
		{50792FBB-F520-4331-868D-FE2684C72C9D}.Release|Any CPU.ActiveCfg = Release|Any CPU
		{50792FBB-F520-4331-868D-FE2684C72C9D}.Release|Any CPU.Build.0 = Release|Any CPU
	EndGlobalSection
	GlobalSection(SolutionProperties) = preSolution
		HideSolutionNode = FALSE
	EndGlobalSection
	GlobalSection(ExtensibilityGlobals) = postSolution
		SolutionGuid = {3FDD190A-BB7A-4451-B64A-E848D405A43D}
	EndGlobalSection
EndGlobal
